
Microsoft Visual Studio Solution File, Format Version 12.00
# Visual Studio Version 17
VisualStudioVersion = 17.5.002.0
MinimumVisualStudioVersion = 10.0.40219.1
Project("{2150E333-8FDC-42A3-9474-1A3956D46DE8}") = "csharp-prep", "csharp-prep", "{55AF22B8-0544-48F6-8794-C46C6455CBA0}"
EndProject
Project("{9A19103F-16F7-4668-BE54-9A1E7A4F7556}") = "Prep1", "csharp-prep\Prep1\Prep1.csproj", "{873ABA27-904F-48B1-AE41-629A093494C8}"
EndProject
Project("{9A19103F-16F7-4668-BE54-9A1E7A4F7556}") = "Prep2", "csharp-prep\Prep2\Prep2.csproj", "{4291DACF-D6C9-4BC3-A64A-9FF57B821458}"
EndProject
Project("{9A19103F-16F7-4668-BE54-9A1E7A4F7556}") = "Prep3", "csharp-prep\Prep3\Prep3.csproj", "{F237F7E7-6115-4A46-AC2F-EBABCD995D7C}"
EndProject
Project("{9A19103F-16F7-4668-BE54-9A1E7A4F7556}") = "Prep4", "csharp-prep\Prep4\Prep4.csproj", "{6927BFB0-9995-44F0-BC1F-183313263F14}"
EndProject
Project("{9A19103F-16F7-4668-BE54-9A1E7A4F7556}") = "Prep5", "csharp-prep\Prep5\Prep5.csproj", "{F6B131D0-ECFD-46C6-AB8B-6A2343F4076C}"
EndProject
Project("{2150E333-8FDC-42A3-9474-1A3956D46DE8}") = "final", "final", "{791D1046-F76E-49B9-8009-E4B08D3D4005}"
EndProject
Project("{9A19103F-16F7-4668-BE54-9A1E7A4F7556}") = "FinalProject", "final\FinalProject\FinalProject.csproj", "{D1CE8786-2C75-40C1-88E1-FBD24AAE4B5D}"
EndProject
Project("{9A19103F-16F7-4668-BE54-9A1E7A4F7556}") = "Foundation1", "final\Foundation1\Foundation1.csproj", "{A388ED3B-0F4F-4D4E-B0DE-AC8E2AB5BD00}"
EndProject
Project("{9A19103F-16F7-4668-BE54-9A1E7A4F7556}") = "Foundation2", "final\Foundation2\Foundation2.csproj", "{B53B87FB-CA8B-4CD2-A1D3-4BF3C18DDA12}"
EndProject
Project("{9A19103F-16F7-4668-BE54-9A1E7A4F7556}") = "Foundation3", "final\Foundation3\Foundation3.csproj", "{28607858-D777-4A25-80B4-62EA3D496C99}"
EndProject
Project("{9A19103F-16F7-4668-BE54-9A1E7A4F7556}") = "Foundation4", "final\Foundation4\Foundation4.csproj", "{EF4883C0-2228-4A5F-B645-A8B171F39AFD}"
EndProject
Project("{2150E333-8FDC-42A3-9474-1A3956D46DE8}") = "prepare", "prepare", "{3D350395-28C5-482D-94E5-13D38B5E06D3}"
EndProject
Project("{9A19103F-16F7-4668-BE54-9A1E7A4F7556}") = "Learning02", "prepare\Learning02\Learning02.csproj", "{F37A9149-FD50-4C27-8E5B-E4A350B0D08D}"
EndProject
Project("{9A19103F-16F7-4668-BE54-9A1E7A4F7556}") = "Learning03", "prepare\Learning03\Learning03.csproj", "{E4AD781F-51ED-4313-98AB-EE1C5967C6E8}"
EndProject
Project("{9A19103F-16F7-4668-BE54-9A1E7A4F7556}") = "Learning04", "prepare\Learning04\Learning04.csproj", "{94AA179A-3C76-408B-80A4-8E2001876440}"
EndProject
Project("{9A19103F-16F7-4668-BE54-9A1E7A4F7556}") = "Learning05", "prepare\Learning05\Learning05.csproj", "{A53E8802-56CF-4736-B125-DEA575679116}"
EndProject
Project("{2150E333-8FDC-42A3-9474-1A3956D46DE8}") = "prove", "prove", "{FF8106AA-67E6-4AC7-A049-BD4055DA4E53}"
EndProject
Project("{9A19103F-16F7-4668-BE54-9A1E7A4F7556}") = "Develop02", "prove\Develop02\Develop02.csproj", "{7DC4E9E6-17CE-40E2-A87D-D85DAFB8CE47}"
EndProject
Project("{9A19103F-16F7-4668-BE54-9A1E7A4F7556}") = "Develop03", "prove\Develop03\Develop03.csproj", "{48D1BCF8-D227-4F40-93B0-B839D03FF0C9}"
EndProject
Project("{9A19103F-16F7-4668-BE54-9A1E7A4F7556}") = "Develop04", "prove\Develop04\Develop04.csproj", "{F1F1C0E2-0D42-430A-9539-3320E3C08087}"
EndProject
Project("{9A19103F-16F7-4668-BE54-9A1E7A4F7556}") = "Develop05", "prove\Develop05\Develop05.csproj", "{3A18D920-880E-4473-BFC9-332AC24A113D}"
EndProject
Project("{2150E333-8FDC-42A3-9474-1A3956D46DE8}") = "sandbox", "sandbox", "{12038D22-4593-4B10-B44A-D1DC8195A158}"
EndProject
Project("{9A19103F-16F7-4668-BE54-9A1E7A4F7556}") = "Sandbox", "sandbox\Sandbox\Sandbox.csproj", "{8EEC6398-EBB9-4D63-A654-005F243560F2}"
EndProject
Global
	GlobalSection(SolutionConfigurationPlatforms) = preSolution
		Debug|Any CPU = Debug|Any CPU
		Release|Any CPU = Release|Any CPU
	EndGlobalSection
	GlobalSection(ProjectConfigurationPlatforms) = postSolution
		{873ABA27-904F-48B1-AE41-629A093494C8}.Debug|Any CPU.ActiveCfg = Debug|Any CPU
		{873ABA27-904F-48B1-AE41-629A093494C8}.Debug|Any CPU.Build.0 = Debug|Any CPU
		{873ABA27-904F-48B1-AE41-629A093494C8}.Release|Any CPU.ActiveCfg = Release|Any CPU
		{873ABA27-904F-48B1-AE41-629A093494C8}.Release|Any CPU.Build.0 = Release|Any CPU
		{4291DACF-D6C9-4BC3-A64A-9FF57B821458}.Debug|Any CPU.ActiveCfg = Debug|Any CPU
		{4291DACF-D6C9-4BC3-A64A-9FF57B821458}.Debug|Any CPU.Build.0 = Debug|Any CPU
		{4291DACF-D6C9-4BC3-A64A-9FF57B821458}.Release|Any CPU.ActiveCfg = Release|Any CPU
		{4291DACF-D6C9-4BC3-A64A-9FF57B821458}.Release|Any CPU.Build.0 = Release|Any CPU
		{F237F7E7-6115-4A46-AC2F-EBABCD995D7C}.Debug|Any CPU.ActiveCfg = Debug|Any CPU
		{F237F7E7-6115-4A46-AC2F-EBABCD995D7C}.Debug|Any CPU.Build.0 = Debug|Any CPU
		{F237F7E7-6115-4A46-AC2F-EBABCD995D7C}.Release|Any CPU.ActiveCfg = Release|Any CPU
		{F237F7E7-6115-4A46-AC2F-EBABCD995D7C}.Release|Any CPU.Build.0 = Release|Any CPU
		{6927BFB0-9995-44F0-BC1F-183313263F14}.Debug|Any CPU.ActiveCfg = Debug|Any CPU
		{6927BFB0-9995-44F0-BC1F-183313263F14}.Debug|Any CPU.Build.0 = Debug|Any CPU
		{6927BFB0-9995-44F0-BC1F-183313263F14}.Release|Any CPU.ActiveCfg = Release|Any CPU
		{6927BFB0-9995-44F0-BC1F-183313263F14}.Release|Any CPU.Build.0 = Release|Any CPU
		{F6B131D0-ECFD-46C6-AB8B-6A2343F4076C}.Debug|Any CPU.ActiveCfg = Debug|Any CPU
		{F6B131D0-ECFD-46C6-AB8B-6A2343F4076C}.Debug|Any CPU.Build.0 = Debug|Any CPU
		{F6B131D0-ECFD-46C6-AB8B-6A2343F4076C}.Release|Any CPU.ActiveCfg = Release|Any CPU
		{F6B131D0-ECFD-46C6-AB8B-6A2343F4076C}.Release|Any CPU.Build.0 = Release|Any CPU
		{D1CE8786-2C75-40C1-88E1-FBD24AAE4B5D}.Debug|Any CPU.ActiveCfg = Debug|Any CPU
		{D1CE8786-2C75-40C1-88E1-FBD24AAE4B5D}.Debug|Any CPU.Build.0 = Debug|Any CPU
		{D1CE8786-2C75-40C1-88E1-FBD24AAE4B5D}.Release|Any CPU.ActiveCfg = Release|Any CPU
		{D1CE8786-2C75-40C1-88E1-FBD24AAE4B5D}.Release|Any CPU.Build.0 = Release|Any CPU
		{A388ED3B-0F4F-4D4E-B0DE-AC8E2AB5BD00}.Debug|Any CPU.ActiveCfg = Debug|Any CPU
		{A388ED3B-0F4F-4D4E-B0DE-AC8E2AB5BD00}.Debug|Any CPU.Build.0 = Debug|Any CPU
		{A388ED3B-0F4F-4D4E-B0DE-AC8E2AB5BD00}.Release|Any CPU.ActiveCfg = Release|Any CPU
		{A388ED3B-0F4F-4D4E-B0DE-AC8E2AB5BD00}.Release|Any CPU.Build.0 = Release|Any CPU
		{B53B87FB-CA8B-4CD2-A1D3-4BF3C18DDA12}.Debug|Any CPU.ActiveCfg = Debug|Any CPU
		{B53B87FB-CA8B-4CD2-A1D3-4BF3C18DDA12}.Debug|Any CPU.Build.0 = Debug|Any CPU
		{B53B87FB-CA8B-4CD2-A1D3-4BF3C18DDA12}.Release|Any CPU.ActiveCfg = Release|Any CPU
		{B53B87FB-CA8B-4CD2-A1D3-4BF3C18DDA12}.Release|Any CPU.Build.0 = Release|Any CPU
		{28607858-D777-4A25-80B4-62EA3D496C99}.Debug|Any CPU.ActiveCfg = Debug|Any CPU
		{28607858-D777-4A25-80B4-62EA3D496C99}.Debug|Any CPU.Build.0 = Debug|Any CPU
		{28607858-D777-4A25-80B4-62EA3D496C99}.Release|Any CPU.ActiveCfg = Release|Any CPU
		{28607858-D777-4A25-80B4-62EA3D496C99}.Release|Any CPU.Build.0 = Release|Any CPU
		{EF4883C0-2228-4A5F-B645-A8B171F39AFD}.Debug|Any CPU.ActiveCfg = Debug|Any CPU
		{EF4883C0-2228-4A5F-B645-A8B171F39AFD}.Debug|Any CPU.Build.0 = Debug|Any CPU
		{EF4883C0-2228-4A5F-B645-A8B171F39AFD}.Release|Any CPU.ActiveCfg = Release|Any CPU
		{EF4883C0-2228-4A5F-B645-A8B171F39AFD}.Release|Any CPU.Build.0 = Release|Any CPU
		{F37A9149-FD50-4C27-8E5B-E4A350B0D08D}.Debug|Any CPU.ActiveCfg = Debug|Any CPU
		{F37A9149-FD50-4C27-8E5B-E4A350B0D08D}.Debug|Any CPU.Build.0 = Debug|Any CPU
		{F37A9149-FD50-4C27-8E5B-E4A350B0D08D}.Release|Any CPU.ActiveCfg = Release|Any CPU
		{F37A9149-FD50-4C27-8E5B-E4A350B0D08D}.Release|Any CPU.Build.0 = Release|Any CPU
		{E4AD781F-51ED-4313-98AB-EE1C5967C6E8}.Debug|Any CPU.ActiveCfg = Debug|Any CPU
		{E4AD781F-51ED-4313-98AB-EE1C5967C6E8}.Debug|Any CPU.Build.0 = Debug|Any CPU
		{E4AD781F-51ED-4313-98AB-EE1C5967C6E8}.Release|Any CPU.ActiveCfg = Release|Any CPU
		{E4AD781F-51ED-4313-98AB-EE1C5967C6E8}.Release|Any CPU.Build.0 = Release|Any CPU
		{94AA179A-3C76-408B-80A4-8E2001876440}.Debug|Any CPU.ActiveCfg = Debug|Any CPU
		{94AA179A-3C76-408B-80A4-8E2001876440}.Debug|Any CPU.Build.0 = Debug|Any CPU
		{94AA179A-3C76-408B-80A4-8E2001876440}.Release|Any CPU.ActiveCfg = Release|Any CPU
		{94AA179A-3C76-408B-80A4-8E2001876440}.Release|Any CPU.Build.0 = Release|Any CPU
		{A53E8802-56CF-4736-B125-DEA575679116}.Debug|Any CPU.ActiveCfg = Debug|Any CPU
		{A53E8802-56CF-4736-B125-DEA575679116}.Debug|Any CPU.Build.0 = Debug|Any CPU
		{A53E8802-56CF-4736-B125-DEA575679116}.Release|Any CPU.ActiveCfg = Release|Any CPU
		{A53E8802-56CF-4736-B125-DEA575679116}.Release|Any CPU.Build.0 = Release|Any CPU
		{7DC4E9E6-17CE-40E2-A87D-D85DAFB8CE47}.Debug|Any CPU.ActiveCfg = Debug|Any CPU
		{7DC4E9E6-17CE-40E2-A87D-D85DAFB8CE47}.Debug|Any CPU.Build.0 = Debug|Any CPU
		{7DC4E9E6-17CE-40E2-A87D-D85DAFB8CE47}.Release|Any CPU.ActiveCfg = Release|Any CPU
		{7DC4E9E6-17CE-40E2-A87D-D85DAFB8CE47}.Release|Any CPU.Build.0 = Release|Any CPU
		{48D1BCF8-D227-4F40-93B0-B839D03FF0C9}.Debug|Any CPU.ActiveCfg = Debug|Any CPU
		{48D1BCF8-D227-4F40-93B0-B839D03FF0C9}.Debug|Any CPU.Build.0 = Debug|Any CPU
		{48D1BCF8-D227-4F40-93B0-B839D03FF0C9}.Release|Any CPU.ActiveCfg = Release|Any CPU
		{48D1BCF8-D227-4F40-93B0-B839D03FF0C9}.Release|Any CPU.Build.0 = Release|Any CPU
		{F1F1C0E2-0D42-430A-9539-3320E3C08087}.Debug|Any CPU.ActiveCfg = Debug|Any CPU
		{F1F1C0E2-0D42-430A-9539-3320E3C08087}.Debug|Any CPU.Build.0 = Debug|Any CPU
		{F1F1C0E2-0D42-430A-9539-3320E3C08087}.Release|Any CPU.ActiveCfg = Release|Any CPU
		{F1F1C0E2-0D42-430A-9539-3320E3C08087}.Release|Any CPU.Build.0 = Release|Any CPU
		{3A18D920-880E-4473-BFC9-332AC24A113D}.Debug|Any CPU.ActiveCfg = Debug|Any CPU
		{3A18D920-880E-4473-BFC9-332AC24A113D}.Debug|Any CPU.Build.0 = Debug|Any CPU
		{3A18D920-880E-4473-BFC9-332AC24A113D}.Release|Any CPU.ActiveCfg = Release|Any CPU
		{3A18D920-880E-4473-BFC9-332AC24A113D}.Release|Any CPU.Build.0 = Release|Any CPU
		{8EEC6398-EBB9-4D63-A654-005F243560F2}.Debug|Any CPU.ActiveCfg = Debug|Any CPU
		{8EEC6398-EBB9-4D63-A654-005F243560F2}.Debug|Any CPU.Build.0 = Debug|Any CPU
		{8EEC6398-EBB9-4D63-A654-005F243560F2}.Release|Any CPU.ActiveCfg = Release|Any CPU
		{8EEC6398-EBB9-4D63-A654-005F243560F2}.Release|Any CPU.Build.0 = Release|Any CPU
	EndGlobalSection
	GlobalSection(SolutionProperties) = preSolution
		HideSolutionNode = FALSE
	EndGlobalSection
	GlobalSection(NestedProjects) = preSolution
		{873ABA27-904F-48B1-AE41-629A093494C8} = {55AF22B8-0544-48F6-8794-C46C6455CBA0}
		{4291DACF-D6C9-4BC3-A64A-9FF57B821458} = {55AF22B8-0544-48F6-8794-C46C6455CBA0}
		{F237F7E7-6115-4A46-AC2F-EBABCD995D7C} = {55AF22B8-0544-48F6-8794-C46C6455CBA0}
		{6927BFB0-9995-44F0-BC1F-183313263F14} = {55AF22B8-0544-48F6-8794-C46C6455CBA0}
		{F6B131D0-ECFD-46C6-AB8B-6A2343F4076C} = {55AF22B8-0544-48F6-8794-C46C6455CBA0}
		{D1CE8786-2C75-40C1-88E1-FBD24AAE4B5D} = {791D1046-F76E-49B9-8009-E4B08D3D4005}
		{A388ED3B-0F4F-4D4E-B0DE-AC8E2AB5BD00} = {791D1046-F76E-49B9-8009-E4B08D3D4005}
		{B53B87FB-CA8B-4CD2-A1D3-4BF3C18DDA12} = {791D1046-F76E-49B9-8009-E4B08D3D4005}
		{28607858-D777-4A25-80B4-62EA3D496C99} = {791D1046-F76E-49B9-8009-E4B08D3D4005}
		{EF4883C0-2228-4A5F-B645-A8B171F39AFD} = {791D1046-F76E-49B9-8009-E4B08D3D4005}
		{F37A9149-FD50-4C27-8E5B-E4A350B0D08D} = {3D350395-28C5-482D-94E5-13D38B5E06D3}
		{E4AD781F-51ED-4313-98AB-EE1C5967C6E8} = {3D350395-28C5-482D-94E5-13D38B5E06D3}
		{94AA179A-3C76-408B-80A4-8E2001876440} = {3D350395-28C5-482D-94E5-13D38B5E06D3}
		{A53E8802-56CF-4736-B125-DEA575679116} = {3D350395-28C5-482D-94E5-13D38B5E06D3}
		{7DC4E9E6-17CE-40E2-A87D-D85DAFB8CE47} = {FF8106AA-67E6-4AC7-A049-BD4055DA4E53}
		{48D1BCF8-D227-4F40-93B0-B839D03FF0C9} = {FF8106AA-67E6-4AC7-A049-BD4055DA4E53}
		{F1F1C0E2-0D42-430A-9539-3320E3C08087} = {FF8106AA-67E6-4AC7-A049-BD4055DA4E53}
		{3A18D920-880E-4473-BFC9-332AC24A113D} = {FF8106AA-67E6-4AC7-A049-BD4055DA4E53}
		{8EEC6398-EBB9-4D63-A654-005F243560F2} = {12038D22-4593-4B10-B44A-D1DC8195A158}
	EndGlobalSection
	GlobalSection(ExtensibilityGlobals) = postSolution
		SolutionGuid = {0622807F-F61E-4A30-A94F-FD5DFB6D0CC3}
	EndGlobalSection
EndGlobal
