
Microsoft Visual Studio Solution File, Format Version 12.00
# Visual Studio Version 17
VisualStudioVersion = 17.5.002.0
MinimumVisualStudioVersion = 10.0.40219.1
Project("{2150E333-8FDC-42A3-9474-1A3956D46DE8}") = "cse210prgclasses", "cse210prgclasses", "{8D60E081-6C57-49F1-8D37-6025E6C55F86}"
EndProject
Project("{2150E333-8FDC-42A3-9474-1A3956D46DE8}") = "Git", "Git", "{298AD0AC-5C51-4225-8D74-0E19B29F855C}"
EndProject
Project("{2150E333-8FDC-42A3-9474-1A3956D46DE8}") = "csharp-prep", "csharp-prep", "{ACE0C6C4-6AE5-4251-882D-72F32D2CDB89}"
EndProject
Project("{9A19103F-16F7-4668-BE54-9A1E7A4F7556}") = "Prep1", "cse210prgclasses\Git\csharp-prep\Prep1\Prep1.csproj", "{E7B0E621-1A86-4454-B8F3-440D9AE3726C}"
EndProject
Project("{9A19103F-16F7-4668-BE54-9A1E7A4F7556}") = "Prep2", "cse210prgclasses\Git\csharp-prep\Prep2\Prep2.csproj", "{7752FED7-0E81-4F03-BEA0-F1828684880B}"
EndProject
Project("{9A19103F-16F7-4668-BE54-9A1E7A4F7556}") = "Prep3", "cse210prgclasses\Git\csharp-prep\Prep3\Prep3.csproj", "{3705B58E-B5BB-4F6E-ACC1-77676B5CA18D}"
EndProject
Project("{9A19103F-16F7-4668-BE54-9A1E7A4F7556}") = "Prep4", "cse210prgclasses\Git\csharp-prep\Prep4\Prep4.csproj", "{B42F61E0-92A1-4F9B-8F17-DC523673523E}"
EndProject
Project("{9A19103F-16F7-4668-BE54-9A1E7A4F7556}") = "Prep5", "cse210prgclasses\Git\csharp-prep\Prep5\Prep5.csproj", "{210A6A16-FD0A-424D-BD70-D51F0B51DA48}"
EndProject
Project("{2150E333-8FDC-42A3-9474-1A3956D46DE8}") = "final", "final", "{DBE95C78-2A64-4B0C-B05F-A50839E27FE9}"
EndProject
Project("{9A19103F-16F7-4668-BE54-9A1E7A4F7556}") = "FinalProject", "cse210prgclasses\Git\final\FinalProject\FinalProject.csproj", "{B8DA5D8C-1B6F-4D5C-B378-3A34576409FB}"
EndProject
Project("{9A19103F-16F7-4668-BE54-9A1E7A4F7556}") = "Foundation1", "cse210prgclasses\Git\final\Foundation1\Foundation1.csproj", "{A31782DA-2A4D-4F4E-B692-FC0791449D41}"
EndProject
Project("{9A19103F-16F7-4668-BE54-9A1E7A4F7556}") = "Foundation2", "cse210prgclasses\Git\final\Foundation2\Foundation2.csproj", "{59ADBAD0-A7FE-4370-9577-54E4E8ADBDF9}"
EndProject
Project("{9A19103F-16F7-4668-BE54-9A1E7A4F7556}") = "Foundation3", "cse210prgclasses\Git\final\Foundation3\Foundation3.csproj", "{EDB1651E-6446-4990-8C54-9A8B9875A5E5}"
EndProject
Project("{9A19103F-16F7-4668-BE54-9A1E7A4F7556}") = "Foundation4", "cse210prgclasses\Git\final\Foundation4\Foundation4.csproj", "{13ACBB73-4362-4867-90C9-890016F61F70}"
EndProject
Project("{2150E333-8FDC-42A3-9474-1A3956D46DE8}") = "prepare", "prepare", "{60BEF856-807D-4037-A2F0-35D89E09570E}"
EndProject
Project("{9A19103F-16F7-4668-BE54-9A1E7A4F7556}") = "Learning02", "cse210prgclasses\Git\prepare\Learning02\Learning02.csproj", "{103DEA78-5063-4286-82F9-4B71ABF78F9B}"
EndProject
Project("{9A19103F-16F7-4668-BE54-9A1E7A4F7556}") = "Learning03", "cse210prgclasses\Git\prepare\Learning03\Learning03.csproj", "{3026D5DA-80DD-4581-B1EF-4EE2F8381A9E}"
EndProject
Project("{9A19103F-16F7-4668-BE54-9A1E7A4F7556}") = "Learning04", "cse210prgclasses\Git\prepare\Learning04\Learning04.csproj", "{0C74278A-5A58-49F9-A04E-759B24A3D482}"
EndProject
Project("{9A19103F-16F7-4668-BE54-9A1E7A4F7556}") = "Learning05", "cse210prgclasses\Git\prepare\Learning05\Learning05.csproj", "{06F7E18B-B993-419A-9B2C-044E7D8BE86F}"
EndProject
Project("{2150E333-8FDC-42A3-9474-1A3956D46DE8}") = "prove", "prove", "{7A043D8A-407D-4E39-8D33-25B654427E56}"
EndProject
Project("{9A19103F-16F7-4668-BE54-9A1E7A4F7556}") = "Develop02", "cse210prgclasses\Git\prove\Develop02\Develop02.csproj", "{91BB1FBD-9B6E-47FE-9132-0541ECCF10F9}"
EndProject
Project("{9A19103F-16F7-4668-BE54-9A1E7A4F7556}") = "Develop03", "cse210prgclasses\Git\prove\Develop03\Develop03.csproj", "{1CBB3DE9-2B08-4BBB-BC7B-8127166066D8}"
EndProject
Project("{9A19103F-16F7-4668-BE54-9A1E7A4F7556}") = "Develop04", "cse210prgclasses\Git\prove\Develop04\Develop04.csproj", "{06DD47F7-02F4-4001-BE52-5F3E624896DC}"
EndProject
Project("{9A19103F-16F7-4668-BE54-9A1E7A4F7556}") = "Develop05", "cse210prgclasses\Git\prove\Develop05\Develop05.csproj", "{12BFCD78-AC93-44DF-89C6-C6FA868041B4}"
EndProject
Project("{2150E333-8FDC-42A3-9474-1A3956D46DE8}") = "sandbox", "sandbox", "{3805930D-B05D-43F7-B6A8-FAEFA0DBC242}"
EndProject
Project("{9A19103F-16F7-4668-BE54-9A1E7A4F7556}") = "Sandbox", "cse210prgclasses\Git\sandbox\Sandbox\Sandbox.csproj", "{87DFBDF1-AC2A-4BEF-8BA9-695D0E01B1A2}"
EndProject
Global
	GlobalSection(SolutionConfigurationPlatforms) = preSolution
		Debug|Any CPU = Debug|Any CPU
		Release|Any CPU = Release|Any CPU
	EndGlobalSection
	GlobalSection(ProjectConfigurationPlatforms) = postSolution
		{E7B0E621-1A86-4454-B8F3-440D9AE3726C}.Debug|Any CPU.ActiveCfg = Debug|Any CPU
		{E7B0E621-1A86-4454-B8F3-440D9AE3726C}.Debug|Any CPU.Build.0 = Debug|Any CPU
		{E7B0E621-1A86-4454-B8F3-440D9AE3726C}.Release|Any CPU.ActiveCfg = Release|Any CPU
		{E7B0E621-1A86-4454-B8F3-440D9AE3726C}.Release|Any CPU.Build.0 = Release|Any CPU
		{7752FED7-0E81-4F03-BEA0-F1828684880B}.Debug|Any CPU.ActiveCfg = Debug|Any CPU
		{7752FED7-0E81-4F03-BEA0-F1828684880B}.Debug|Any CPU.Build.0 = Debug|Any CPU
		{7752FED7-0E81-4F03-BEA0-F1828684880B}.Release|Any CPU.ActiveCfg = Release|Any CPU
		{7752FED7-0E81-4F03-BEA0-F1828684880B}.Release|Any CPU.Build.0 = Release|Any CPU
		{3705B58E-B5BB-4F6E-ACC1-77676B5CA18D}.Debug|Any CPU.ActiveCfg = Debug|Any CPU
		{3705B58E-B5BB-4F6E-ACC1-77676B5CA18D}.Debug|Any CPU.Build.0 = Debug|Any CPU
		{3705B58E-B5BB-4F6E-ACC1-77676B5CA18D}.Release|Any CPU.ActiveCfg = Release|Any CPU
		{3705B58E-B5BB-4F6E-ACC1-77676B5CA18D}.Release|Any CPU.Build.0 = Release|Any CPU
		{B42F61E0-92A1-4F9B-8F17-DC523673523E}.Debug|Any CPU.ActiveCfg = Debug|Any CPU
		{B42F61E0-92A1-4F9B-8F17-DC523673523E}.Debug|Any CPU.Build.0 = Debug|Any CPU
		{B42F61E0-92A1-4F9B-8F17-DC523673523E}.Release|Any CPU.ActiveCfg = Release|Any CPU
		{B42F61E0-92A1-4F9B-8F17-DC523673523E}.Release|Any CPU.Build.0 = Release|Any CPU
		{210A6A16-FD0A-424D-BD70-D51F0B51DA48}.Debug|Any CPU.ActiveCfg = Debug|Any CPU
		{210A6A16-FD0A-424D-BD70-D51F0B51DA48}.Debug|Any CPU.Build.0 = Debug|Any CPU
		{210A6A16-FD0A-424D-BD70-D51F0B51DA48}.Release|Any CPU.ActiveCfg = Release|Any CPU
		{210A6A16-FD0A-424D-BD70-D51F0B51DA48}.Release|Any CPU.Build.0 = Release|Any CPU
		{B8DA5D8C-1B6F-4D5C-B378-3A34576409FB}.Debug|Any CPU.ActiveCfg = Debug|Any CPU
		{B8DA5D8C-1B6F-4D5C-B378-3A34576409FB}.Debug|Any CPU.Build.0 = Debug|Any CPU
		{B8DA5D8C-1B6F-4D5C-B378-3A34576409FB}.Release|Any CPU.ActiveCfg = Release|Any CPU
		{B8DA5D8C-1B6F-4D5C-B378-3A34576409FB}.Release|Any CPU.Build.0 = Release|Any CPU
		{A31782DA-2A4D-4F4E-B692-FC0791449D41}.Debug|Any CPU.ActiveCfg = Debug|Any CPU
		{A31782DA-2A4D-4F4E-B692-FC0791449D41}.Debug|Any CPU.Build.0 = Debug|Any CPU
		{A31782DA-2A4D-4F4E-B692-FC0791449D41}.Release|Any CPU.ActiveCfg = Release|Any CPU
		{A31782DA-2A4D-4F4E-B692-FC0791449D41}.Release|Any CPU.Build.0 = Release|Any CPU
		{59ADBAD0-A7FE-4370-9577-54E4E8ADBDF9}.Debug|Any CPU.ActiveCfg = Debug|Any CPU
		{59ADBAD0-A7FE-4370-9577-54E4E8ADBDF9}.Debug|Any CPU.Build.0 = Debug|Any CPU
		{59ADBAD0-A7FE-4370-9577-54E4E8ADBDF9}.Release|Any CPU.ActiveCfg = Release|Any CPU
		{59ADBAD0-A7FE-4370-9577-54E4E8ADBDF9}.Release|Any CPU.Build.0 = Release|Any CPU
		{EDB1651E-6446-4990-8C54-9A8B9875A5E5}.Debug|Any CPU.ActiveCfg = Debug|Any CPU
		{EDB1651E-6446-4990-8C54-9A8B9875A5E5}.Debug|Any CPU.Build.0 = Debug|Any CPU
		{EDB1651E-6446-4990-8C54-9A8B9875A5E5}.Release|Any CPU.ActiveCfg = Release|Any CPU
		{EDB1651E-6446-4990-8C54-9A8B9875A5E5}.Release|Any CPU.Build.0 = Release|Any CPU
		{13ACBB73-4362-4867-90C9-890016F61F70}.Debug|Any CPU.ActiveCfg = Debug|Any CPU
		{13ACBB73-4362-4867-90C9-890016F61F70}.Debug|Any CPU.Build.0 = Debug|Any CPU
		{13ACBB73-4362-4867-90C9-890016F61F70}.Release|Any CPU.ActiveCfg = Release|Any CPU
		{13ACBB73-4362-4867-90C9-890016F61F70}.Release|Any CPU.Build.0 = Release|Any CPU
		{103DEA78-5063-4286-82F9-4B71ABF78F9B}.Debug|Any CPU.ActiveCfg = Debug|Any CPU
		{103DEA78-5063-4286-82F9-4B71ABF78F9B}.Debug|Any CPU.Build.0 = Debug|Any CPU
		{103DEA78-5063-4286-82F9-4B71ABF78F9B}.Release|Any CPU.ActiveCfg = Release|Any CPU
		{103DEA78-5063-4286-82F9-4B71ABF78F9B}.Release|Any CPU.Build.0 = Release|Any CPU
		{3026D5DA-80DD-4581-B1EF-4EE2F8381A9E}.Debug|Any CPU.ActiveCfg = Debug|Any CPU
		{3026D5DA-80DD-4581-B1EF-4EE2F8381A9E}.Debug|Any CPU.Build.0 = Debug|Any CPU
		{3026D5DA-80DD-4581-B1EF-4EE2F8381A9E}.Release|Any CPU.ActiveCfg = Release|Any CPU
		{3026D5DA-80DD-4581-B1EF-4EE2F8381A9E}.Release|Any CPU.Build.0 = Release|Any CPU
		{0C74278A-5A58-49F9-A04E-759B24A3D482}.Debug|Any CPU.ActiveCfg = Debug|Any CPU
		{0C74278A-5A58-49F9-A04E-759B24A3D482}.Debug|Any CPU.Build.0 = Debug|Any CPU
		{0C74278A-5A58-49F9-A04E-759B24A3D482}.Release|Any CPU.ActiveCfg = Release|Any CPU
		{0C74278A-5A58-49F9-A04E-759B24A3D482}.Release|Any CPU.Build.0 = Release|Any CPU
		{06F7E18B-B993-419A-9B2C-044E7D8BE86F}.Debug|Any CPU.ActiveCfg = Debug|Any CPU
		{06F7E18B-B993-419A-9B2C-044E7D8BE86F}.Debug|Any CPU.Build.0 = Debug|Any CPU
		{06F7E18B-B993-419A-9B2C-044E7D8BE86F}.Release|Any CPU.ActiveCfg = Release|Any CPU
		{06F7E18B-B993-419A-9B2C-044E7D8BE86F}.Release|Any CPU.Build.0 = Release|Any CPU
		{91BB1FBD-9B6E-47FE-9132-0541ECCF10F9}.Debug|Any CPU.ActiveCfg = Debug|Any CPU
		{91BB1FBD-9B6E-47FE-9132-0541ECCF10F9}.Debug|Any CPU.Build.0 = Debug|Any CPU
		{91BB1FBD-9B6E-47FE-9132-0541ECCF10F9}.Release|Any CPU.ActiveCfg = Release|Any CPU
		{91BB1FBD-9B6E-47FE-9132-0541ECCF10F9}.Release|Any CPU.Build.0 = Release|Any CPU
		{1CBB3DE9-2B08-4BBB-BC7B-8127166066D8}.Debug|Any CPU.ActiveCfg = Debug|Any CPU
		{1CBB3DE9-2B08-4BBB-BC7B-8127166066D8}.Debug|Any CPU.Build.0 = Debug|Any CPU
		{1CBB3DE9-2B08-4BBB-BC7B-8127166066D8}.Release|Any CPU.ActiveCfg = Release|Any CPU
		{1CBB3DE9-2B08-4BBB-BC7B-8127166066D8}.Release|Any CPU.Build.0 = Release|Any CPU
		{06DD47F7-02F4-4001-BE52-5F3E624896DC}.Debug|Any CPU.ActiveCfg = Debug|Any CPU
		{06DD47F7-02F4-4001-BE52-5F3E624896DC}.Debug|Any CPU.Build.0 = Debug|Any CPU
		{06DD47F7-02F4-4001-BE52-5F3E624896DC}.Release|Any CPU.ActiveCfg = Release|Any CPU
		{06DD47F7-02F4-4001-BE52-5F3E624896DC}.Release|Any CPU.Build.0 = Release|Any CPU
		{12BFCD78-AC93-44DF-89C6-C6FA868041B4}.Debug|Any CPU.ActiveCfg = Debug|Any CPU
		{12BFCD78-AC93-44DF-89C6-C6FA868041B4}.Debug|Any CPU.Build.0 = Debug|Any CPU
		{12BFCD78-AC93-44DF-89C6-C6FA868041B4}.Release|Any CPU.ActiveCfg = Release|Any CPU
		{12BFCD78-AC93-44DF-89C6-C6FA868041B4}.Release|Any CPU.Build.0 = Release|Any CPU
		{87DFBDF1-AC2A-4BEF-8BA9-695D0E01B1A2}.Debug|Any CPU.ActiveCfg = Debug|Any CPU
		{87DFBDF1-AC2A-4BEF-8BA9-695D0E01B1A2}.Debug|Any CPU.Build.0 = Debug|Any CPU
		{87DFBDF1-AC2A-4BEF-8BA9-695D0E01B1A2}.Release|Any CPU.ActiveCfg = Release|Any CPU
		{87DFBDF1-AC2A-4BEF-8BA9-695D0E01B1A2}.Release|Any CPU.Build.0 = Release|Any CPU
	EndGlobalSection
	GlobalSection(SolutionProperties) = preSolution
		HideSolutionNode = FALSE
	EndGlobalSection
	GlobalSection(NestedProjects) = preSolution
		{298AD0AC-5C51-4225-8D74-0E19B29F855C} = {8D60E081-6C57-49F1-8D37-6025E6C55F86}
		{ACE0C6C4-6AE5-4251-882D-72F32D2CDB89} = {298AD0AC-5C51-4225-8D74-0E19B29F855C}
		{E7B0E621-1A86-4454-B8F3-440D9AE3726C} = {ACE0C6C4-6AE5-4251-882D-72F32D2CDB89}
		{7752FED7-0E81-4F03-BEA0-F1828684880B} = {ACE0C6C4-6AE5-4251-882D-72F32D2CDB89}
		{3705B58E-B5BB-4F6E-ACC1-77676B5CA18D} = {ACE0C6C4-6AE5-4251-882D-72F32D2CDB89}
		{B42F61E0-92A1-4F9B-8F17-DC523673523E} = {ACE0C6C4-6AE5-4251-882D-72F32D2CDB89}
		{210A6A16-FD0A-424D-BD70-D51F0B51DA48} = {ACE0C6C4-6AE5-4251-882D-72F32D2CDB89}
		{DBE95C78-2A64-4B0C-B05F-A50839E27FE9} = {298AD0AC-5C51-4225-8D74-0E19B29F855C}
		{B8DA5D8C-1B6F-4D5C-B378-3A34576409FB} = {DBE95C78-2A64-4B0C-B05F-A50839E27FE9}
		{A31782DA-2A4D-4F4E-B692-FC0791449D41} = {DBE95C78-2A64-4B0C-B05F-A50839E27FE9}
		{59ADBAD0-A7FE-4370-9577-54E4E8ADBDF9} = {DBE95C78-2A64-4B0C-B05F-A50839E27FE9}
		{EDB1651E-6446-4990-8C54-9A8B9875A5E5} = {DBE95C78-2A64-4B0C-B05F-A50839E27FE9}
		{13ACBB73-4362-4867-90C9-890016F61F70} = {DBE95C78-2A64-4B0C-B05F-A50839E27FE9}
		{60BEF856-807D-4037-A2F0-35D89E09570E} = {298AD0AC-5C51-4225-8D74-0E19B29F855C}
		{103DEA78-5063-4286-82F9-4B71ABF78F9B} = {60BEF856-807D-4037-A2F0-35D89E09570E}
		{3026D5DA-80DD-4581-B1EF-4EE2F8381A9E} = {60BEF856-807D-4037-A2F0-35D89E09570E}
		{0C74278A-5A58-49F9-A04E-759B24A3D482} = {60BEF856-807D-4037-A2F0-35D89E09570E}
		{06F7E18B-B993-419A-9B2C-044E7D8BE86F} = {60BEF856-807D-4037-A2F0-35D89E09570E}
		{7A043D8A-407D-4E39-8D33-25B654427E56} = {298AD0AC-5C51-4225-8D74-0E19B29F855C}
		{91BB1FBD-9B6E-47FE-9132-0541ECCF10F9} = {7A043D8A-407D-4E39-8D33-25B654427E56}
		{1CBB3DE9-2B08-4BBB-BC7B-8127166066D8} = {7A043D8A-407D-4E39-8D33-25B654427E56}
		{06DD47F7-02F4-4001-BE52-5F3E624896DC} = {7A043D8A-407D-4E39-8D33-25B654427E56}
		{12BFCD78-AC93-44DF-89C6-C6FA868041B4} = {7A043D8A-407D-4E39-8D33-25B654427E56}
		{3805930D-B05D-43F7-B6A8-FAEFA0DBC242} = {298AD0AC-5C51-4225-8D74-0E19B29F855C}
		{87DFBDF1-AC2A-4BEF-8BA9-695D0E01B1A2} = {3805930D-B05D-43F7-B6A8-FAEFA0DBC242}
	EndGlobalSection
	GlobalSection(ExtensibilityGlobals) = postSolution
		SolutionGuid = {88996585-6EF2-4E43-9E97-5775050CB7F3}
	EndGlobalSection
EndGlobal
